
Microsoft Visual Studio Solution File, Format Version 12.00
# Visual Studio Version 17
VisualStudioVersion = 17.4.33110.190
MinimumVisualStudioVersion = 10.0.40219.1
Project("{FAE04EC0-301F-11D3-BF4B-00C04F79EFBC}") = "Lab11WpfApp", "Lab11WpfApp\Lab11WpfApp.csproj", "{D922F7B7-0A53-4684-8CF4-E8E20FFB4971}"
EndProject
Global
	GlobalSection(SolutionConfigurationPlatforms) = preSolution
		Debug|Any CPU = Debug|Any CPU
		Release|Any CPU = Release|Any CPU
	EndGlobalSection
	GlobalSection(ProjectConfigurationPlatforms) = postSolution
		{D922F7B7-0A53-4684-8CF4-E8E20FFB4971}.Debug|Any CPU.ActiveCfg = Debug|Any CPU
		{D922F7B7-0A53-4684-8CF4-E8E20FFB4971}.Debug|Any CPU.Build.0 = Debug|Any CPU
		{D922F7B7-0A53-4684-8CF4-E8E20FFB4971}.Release|Any CPU.ActiveCfg = Release|Any CPU
		{D922F7B7-0A53-4684-8CF4-E8E20FFB4971}.Release|Any CPU.Build.0 = Release|Any CPU
	EndGlobalSection
	GlobalSection(SolutionProperties) = preSolution
		HideSolutionNode = FALSE
	EndGlobalSection
	GlobalSection(ExtensibilityGlobals) = postSolution
		SolutionGuid = {DD99720F-E75D-492D-9926-D0D1CE9B6395}
	EndGlobalSection
EndGlobal
